
Microsoft Visual Studio Solution File, Format Version 12.00
# Visual Studio Version 17
VisualStudioVersion = 17.5.33424.131
MinimumVisualStudioVersion = 10.0.40219.1
Project("{9A19103F-16F7-4668-BE54-9A1E7A4F7556}") = "Task 03.05", "Task 03.05\Task 03.05.csproj", "{928478C6-70B1-44FC-A1A9-B5B2C5C83DA1}"
EndProject
Project("{FAE04EC0-301F-11D3-BF4B-00C04F79EFBC}") = "Task 3", "..\Task 03.5\Task 3\Task 3.csproj", "{5FFDE28E-F338-401E-AD3B-FA03C10B119C}"
EndProject
Global
	GlobalSection(SolutionConfigurationPlatforms) = preSolution
		Debug|Any CPU = Debug|Any CPU
		Release|Any CPU = Release|Any CPU
	EndGlobalSection
	GlobalSection(ProjectConfigurationPlatforms) = postSolution
		{928478C6-70B1-44FC-A1A9-B5B2C5C83DA1}.Debug|Any CPU.ActiveCfg = Debug|Any CPU
		{928478C6-70B1-44FC-A1A9-B5B2C5C83DA1}.Debug|Any CPU.Build.0 = Debug|Any CPU
		{928478C6-70B1-44FC-A1A9-B5B2C5C83DA1}.Release|Any CPU.ActiveCfg = Release|Any CPU
		{928478C6-70B1-44FC-A1A9-B5B2C5C83DA1}.Release|Any CPU.Build.0 = Release|Any CPU
		{5FFDE28E-F338-401E-AD3B-FA03C10B119C}.Debug|Any CPU.ActiveCfg = Debug|Any CPU
		{5FFDE28E-F338-401E-AD3B-FA03C10B119C}.Debug|Any CPU.Build.0 = Debug|Any CPU
		{5FFDE28E-F338-401E-AD3B-FA03C10B119C}.Release|Any CPU.ActiveCfg = Release|Any CPU
		{5FFDE28E-F338-401E-AD3B-FA03C10B119C}.Release|Any CPU.Build.0 = Release|Any CPU
	EndGlobalSection
	GlobalSection(SolutionProperties) = preSolution
		HideSolutionNode = FALSE
	EndGlobalSection
	GlobalSection(ExtensibilityGlobals) = postSolution
		SolutionGuid = {B8D47CE5-E93A-4B0B-8D80-5FA72253F789}
	EndGlobalSection
EndGlobal
